Microsoft Visual Studio Solution File, Format Version 12.00
# Visual Studio Version 17
VisualStudioVersion = 17.5.2.0
MinimumVisualStudioVersion = 10.0.40219.1
Project("{FAE04EC0-301F-11D3-BF4B-00C04F79EFBC}") = "dotnet_tut", "dotnet_tut.csproj", "{AE988E65-97ED-08C4-60B2-B8144BB482A3}"
EndProject
Global
	GlobalSection(SolutionConfigurationPlatforms) = preSolution
		Debug|Any CPU = Debug|Any CPU
		Release|Any CPU = Release|Any CPU
	EndGlobalSection
	GlobalSection(ProjectConfigurationPlatforms) = postSolution
		{AE988E65-97ED-08C4-60B2-B8144BB482A3}.Debug|Any CPU.ActiveCfg = Debug|Any CPU
		{AE988E65-97ED-08C4-60B2-B8144BB482A3}.Debug|Any CPU.Build.0 = Debug|Any CPU
		{AE988E65-97ED-08C4-60B2-B8144BB482A3}.Release|Any CPU.ActiveCfg = Release|Any CPU
		{AE988E65-97ED-08C4-60B2-B8144BB482A3}.Release|Any CPU.Build.0 = Release|Any CPU
	EndGlobalSection
	GlobalSection(SolutionProperties) = preSolution
		HideSolutionNode = FALSE
	EndGlobalSection
	GlobalSection(ExtensibilityGlobals) = postSolution
		SolutionGuid = {F75810AC-CE63-4299-A417-84F96A780AB2}
	EndGlobalSection
EndGlobal
